
Microsoft Visual Studio Solution File, Format Version 12.00
# Visual Studio Version 16
VisualStudioVersion = 16.0.28917.181
MinimumVisualStudioVersion = 10.0.40219.1
Project("{8BC9CEB8-8B4A-11D0-8D11-00A0C91BC942}") = "Rubiks cube", "Rubiks cube.vcxproj", "{C965AEC2-7BC5-4FB9-BB96-75C4CD6719DB}"
EndProject
Global
	GlobalSection(SolutionConfigurationPlatforms) = preSolution
		Debug|x64 = Debug|x64
		Debug|x86 = Debug|x86
		Release|x64 = Release|x64
		Release|x86 = Release|x86
	EndGlobalSection
	GlobalSection(ProjectConfigurationPlatforms) = postSolution
		{C965AEC2-7BC5-4FB9-BB96-75C4CD6719DB}.Debug|x64.ActiveCfg = Debug|x64
		{C965AEC2-7BC5-4FB9-BB96-75C4CD6719DB}.Debug|x64.Build.0 = Debug|x64
		{C965AEC2-7BC5-4FB9-BB96-75C4CD6719DB}.Debug|x86.ActiveCfg = Debug|Win32
		{C965AEC2-7BC5-4FB9-BB96-75C4CD6719DB}.Debug|x86.Build.0 = Debug|Win32
		{C965AEC2-7BC5-4FB9-BB96-75C4CD6719DB}.Release|x64.ActiveCfg = Release|x64
		{C965AEC2-7BC5-4FB9-BB96-75C4CD6719DB}.Release|x64.Build.0 = Release|x64
		{C965AEC2-7BC5-4FB9-BB96-75C4CD6719DB}.Release|x86.ActiveCfg = Release|Win32
		{C965AEC2-7BC5-4FB9-BB96-75C4CD6719DB}.Release|x86.Build.0 = Release|Win32
	EndGlobalSection
	GlobalSection(SolutionProperties) = preSolution
		HideSolutionNode = FALSE
	EndGlobalSection
	GlobalSection(ExtensibilityGlobals) = postSolution
		SolutionGuid = {3404389D-052A-48DB-B890-A1A2BD76422D}
	EndGlobalSection
EndGlobal
